
Microsoft Visual Studio Solution File, Format Version 12.00
# Visual Studio 15
VisualStudioVersion = 15.0.27703.2000
MinimumVisualStudioVersion = 10.0.40219.1
Project("{FAE04EC0-301F-11D3-BF4B-00C04F79EFBC}") = "MTG.Scores2.Api", "MTG.Scores2.Api\MTG.Scores2.Api.csproj", "{6047A4E3-6F77-4B99-8540-0529402BA3BF}"
EndProject
Project("{FAE04EC0-301F-11D3-BF4B-00C04F79EFBC}") = "MTG.Scores2.Api.Tests", "MTG.Scores2.Api.Tests\MTG.Scores2.Api.Tests.csproj", "{C7289B78-6260-44A2-97DE-C3E4215B1FF6}"
EndProject
Global
	GlobalSection(SolutionProperties) = preSolution
		HideSolutionNode = FALSE
	EndGlobalSection
	GlobalSection(ExtensibilityGlobals) = postSolution
		SolutionGuid = {BCDD4750-AD51-4ABA-91DA-9FAA022EA020}
	EndGlobalSection
	GlobalSection(SolutionConfigurationPlatforms) = preSolution
		Debug|Any CPU = Debug|Any CPU
		Debug|x64 = Debug|x64
		Debug|x86 = Debug|x86
		Release|Any CPU = Release|Any CPU
		Release|x64 = Release|x64
		Release|x86 = Release|x86
	EndGlobalSection
	GlobalSection(ProjectConfigurationPlatforms) = postSolution
		{6047A4E3-6F77-4B99-8540-0529402BA3BF}.Debug|Any CPU.ActiveCfg = Debug|Any CPU
		{6047A4E3-6F77-4B99-8540-0529402BA3BF}.Debug|Any CPU.Build.0 = Debug|Any CPU
		{6047A4E3-6F77-4B99-8540-0529402BA3BF}.Debug|x64.ActiveCfg = Debug|Any CPU
		{6047A4E3-6F77-4B99-8540-0529402BA3BF}.Debug|x64.Build.0 = Debug|Any CPU
		{6047A4E3-6F77-4B99-8540-0529402BA3BF}.Debug|x86.ActiveCfg = Debug|Any CPU
		{6047A4E3-6F77-4B99-8540-0529402BA3BF}.Debug|x86.Build.0 = Debug|Any CPU
		{6047A4E3-6F77-4B99-8540-0529402BA3BF}.Release|Any CPU.ActiveCfg = Release|Any CPU
		{6047A4E3-6F77-4B99-8540-0529402BA3BF}.Release|Any CPU.Build.0 = Release|Any CPU
		{6047A4E3-6F77-4B99-8540-0529402BA3BF}.Release|x64.ActiveCfg = Release|Any CPU
		{6047A4E3-6F77-4B99-8540-0529402BA3BF}.Release|x64.Build.0 = Release|Any CPU
		{6047A4E3-6F77-4B99-8540-0529402BA3BF}.Release|x86.ActiveCfg = Release|Any CPU
		{6047A4E3-6F77-4B99-8540-0529402BA3BF}.Release|x86.Build.0 = Release|Any CPU
		{C7289B78-6260-44A2-97DE-C3E4215B1FF6}.Debug|Any CPU.ActiveCfg = Debug|Any CPU
		{C7289B78-6260-44A2-97DE-C3E4215B1FF6}.Debug|Any CPU.Build.0 = Debug|Any CPU
		{C7289B78-6260-44A2-97DE-C3E4215B1FF6}.Debug|x64.ActiveCfg = Debug|Any CPU
		{C7289B78-6260-44A2-97DE-C3E4215B1FF6}.Debug|x64.Build.0 = Debug|Any CPU
		{C7289B78-6260-44A2-97DE-C3E4215B1FF6}.Debug|x86.ActiveCfg = Debug|Any CPU
		{C7289B78-6260-44A2-97DE-C3E4215B1FF6}.Debug|x86.Build.0 = Debug|Any CPU
		{C7289B78-6260-44A2-97DE-C3E4215B1FF6}.Release|Any CPU.ActiveCfg = Release|Any CPU
		{C7289B78-6260-44A2-97DE-C3E4215B1FF6}.Release|Any CPU.Build.0 = Release|Any CPU
		{C7289B78-6260-44A2-97DE-C3E4215B1FF6}.Release|x64.ActiveCfg = Release|Any CPU
		{C7289B78-6260-44A2-97DE-C3E4215B1FF6}.Release|x64.Build.0 = Release|Any CPU
		{C7289B78-6260-44A2-97DE-C3E4215B1FF6}.Release|x86.ActiveCfg = Release|Any CPU
		{C7289B78-6260-44A2-97DE-C3E4215B1FF6}.Release|x86.Build.0 = Release|Any CPU
	EndGlobalSection
EndGlobal
