
Microsoft Visual Studio Solution File, Format Version 12.00
# Visual Studio 15
VisualStudioVersion = 15.0.27703.2000
MinimumVisualStudioVersion = 10.0.40219.1
Project("{9A19103F-16F7-4668-BE54-9A1E7A4F7556}") = "MTG.Scores2.Api", "MTG.Scores2.Api.csproj", "{8EF2924A-7AC6-48FD-9DBD-EDC11DED555E}"
EndProject
Global
	GlobalSection(SolutionConfigurationPlatforms) = preSolution
		Debug|Any CPU = Debug|Any CPU
		Release|Any CPU = Release|Any CPU
	EndGlobalSection
	GlobalSection(ProjectConfigurationPlatforms) = postSolution
		{8EF2924A-7AC6-48FD-9DBD-EDC11DED555E}.Debug|Any CPU.ActiveCfg = Debug|Any CPU
		{8EF2924A-7AC6-48FD-9DBD-EDC11DED555E}.Debug|Any CPU.Build.0 = Debug|Any CPU
		{8EF2924A-7AC6-48FD-9DBD-EDC11DED555E}.Release|Any CPU.ActiveCfg = Release|Any CPU
		{8EF2924A-7AC6-48FD-9DBD-EDC11DED555E}.Release|Any CPU.Build.0 = Release|Any CPU
	EndGlobalSection
	GlobalSection(SolutionProperties) = preSolution
		HideSolutionNode = FALSE
	EndGlobalSection
	GlobalSection(ExtensibilityGlobals) = postSolution
		SolutionGuid = {BCDD4750-AD51-4ABA-91DA-9FAA022EA020}
	EndGlobalSection
EndGlobal
